// !$*UTF8*$!
{
	archiveVersion = 1;
	classes = {
	};
	objectVersion = 48;
	objects = {

/* Begin PBXBuildFile section */
		674514C51FFA916E0096AECC /* Item.swift in Sources */ = {isa = PBXBuildFile; fileRef = 674514C41FFA916E0096AECC /* Item.swift */; };
		6782A4C41FEFECFE00CFBDD2 /* AppDelegate.swift in Sources */ = {isa = PBXBuildFile; fileRef = 6782A4C31FEFECFE00CFBDD2 /* AppDelegate.swift */; };
		6782A4C61FEFECFE00CFBDD2 /* TodoListViewController.swift in Sources */ = {isa = PBXBuildFile; fileRef = 6782A4C51FEFECFE00CFBDD2 /* TodoListViewController.swift */; };
		6782A4C91FEFECFE00CFBDD2 /* Main.storyboard in Resources */ = {isa = PBXBuildFile; fileRef = 6782A4C71FEFECFE00CFBDD2 /* Main.storyboard */; };
		6782A4CB1FEFECFE00CFBDD2 /* Assets.xcassets in Resources */ = {isa = PBXBuildFile; fileRef = 6782A4CA1FEFECFE00CFBDD2 /* Assets.xcassets */; };
		6782A4CE1FEFECFE00CFBDD2 /* LaunchScreen.storyboard in Resources */ = {isa = PBXBuildFile; fileRef = 6782A4CC1FEFECFE00CFBDD2 /* LaunchScreen.storyboard */; };
/* End PBXBuildFile section */

/* Begin PBXFileReference section */
		674514C41FFA916E0096AECC /* Item.swift */ = {isa = PBXFileReference; lastKnownFileType = sourcecode.swift; path = Item.swift; sourceTree = "<group>"; };
		6782A4C01FEFECFE00CFBDD2 /* Todoey.app */ = {isa = PBXFileReference; explicitFileType = wrapper.application; includeInIndex = 0; path = Todoey.app; sourceTree = BUILT_PRODUCTS_DIR; };
		6782A4C31FEFECFE00CFBDD2 /* AppDelegate.swift */ = {isa = PBXFileReference; lastKnownFileType = sourcecode.swift; path = AppDelegate.swift; sourceTree = "<group>"; };
		6782A4C51FEFECFE00CFBDD2 /* TodoListViewController.swift */ = {isa = PBXFileReference; lastKnownFileType = sourcecode.swift; path = TodoListViewController.swift; sourceTree = "<group>"; };
		6782A4C81FEFECFE00CFBDD2 /* Base */ = {isa = PBXFileReference; lastKnownFileType = file.storyboard; name = Base; path = Base.lproj/Main.storyboard; sourceTree = "<group>"; };
		6782A4CA1FEFECFE00CFBDD2 /* Assets.xcassets */ = {isa = PBXFileReference; lastKnownFileType = folder.assetcatalog; path = Assets.xcassets; sourceTree = "<group>"; };
		6782A4CD1FEFECFE00CFBDD2 /* Base */ = {isa = PBXFileReference; lastKnownFileType = file.storyboard; name = Base; path = Base.lproj/LaunchScreen.storyboard; sourceTree = "<group>"; };
		6782A4CF1FEFECFE00CFBDD2 /* Info.plist */ = {isa = PBXFileReference; lastKnownFileType = text.plist.xml; path = Info.plist; sourceTree = "<group>"; };
/* End PBXFileReference section */

/* Begin PBXFrameworksBuildPhase section */
		6782A4BD1FEFECFE00CFBDD2 /* Frameworks */ = {
			isa = PBXFrameworksBuildPhase;
			buildActionMask = 2147483647;
			files = (
			);
			runOnlyForDeploymentPostprocessing = 0;
		};
/* End PBXFrameworksBuildPhase section */

/* Begin PBXGroup section */
		674514C61FFA92000096AECC /* Data Model */ = {
			isa = PBXGroup;
			children = (
				674514C41FFA916E0096AECC /* Item.swift */,
			);
			path = "Data Model";
			sourceTree = "<group>";
		};
		674514C71FFA92420096AECC /* Controllers */ = {
			isa = PBXGroup;
			children = (
				6782A4C51FEFECFE00CFBDD2 /* TodoListViewController.swift */,
			);
			path = Controllers;
			sourceTree = "<group>";
		};
		674514C81FFA92550096AECC /* Views */ = {
			isa = PBXGroup;
			children = (
				6782A4C71FEFECFE00CFBDD2 /* Main.storyboard */,
			);
			path = Views;
			sourceTree = "<group>";
		};
		674514C91FFA92A40096AECC /* Supporting Files */ = {
			isa = PBXGroup;
			children = (
				6782A4CA1FEFECFE00CFBDD2 /* Assets.xcassets */,
				6782A4CC1FEFECFE00CFBDD2 /* LaunchScreen.storyboard */,
			);
			path = "Supporting Files";
			sourceTree = "<group>";
		};
		6782A4B71FEFECFE00CFBDD2 = {
			isa = PBXGroup;
			children = (
				6782A4C21FEFECFE00CFBDD2 /* Todoey */,
				6782A4C11FEFECFE00CFBDD2 /* Products */,
			);
			sourceTree = "<group>";
		};
		6782A4C11FEFECFE00CFBDD2 /* Products */ = {
			isa = PBXGroup;
			children = (
				6782A4C01FEFECFE00CFBDD2 /* Todoey.app */,
			);
			name = Products;
			sourceTree = "<group>";
		};
		6782A4C21FEFECFE00CFBDD2 /* Todoey */ = {
			isa = PBXGroup;
			children = (
				6782A4C31FEFECFE00CFBDD2 /* AppDelegate.swift */,
				674514C71FFA92420096AECC /* Controllers */,
				674514C61FFA92000096AECC /* Data Model */,
				674514C81FFA92550096AECC /* Views */,
				674514C91FFA92A40096AECC /* Supporting Files */,
				6782A4CF1FEFECFE00CFBDD2 /* Info.plist */,
			);
			path = Todoey;
			sourceTree = "<group>";
		};
/* End PBXGroup section */

/* Begin PBXNativeTarget section */
		6782A4BF1FEFECFE00CFBDD2 /* Todoey */ = {
			isa = PBXNativeTarget;
			buildConfigurationList = 6782A4D21FEFECFE00CFBDD2 /* Build configuration list for PBXNativeTarget "Todoey" */;
			buildPhases = (
				6782A4BC1FEFECFE00CFBDD2 /* Sources */,
				6782A4BD1FEFECFE00CFBDD2 /* Frameworks */,
				6782A4BE1FEFECFE00CFBDD2 /* Resources */,
			);
			buildRules = (
			);
			dependencies = (
			);
			name = Todoey;
			productName = Todoey;
			productReference = 6782A4C01FEFECFE00CFBDD2 /* Todoey.app */;
			productType = "com.apple.product-type.application";
		};
/* End PBXNativeTarget section */

/* Begin PBXProject section */
		6782A4B81FEFECFE00CFBDD2 /* Project object */ = {
			isa = PBXProject;
			attributes = {
				LastSwiftUpdateCheck = 0920;
				LastUpgradeCheck = 0920;
				ORGANIZATIONNAME = "Anna Kaukh";
				TargetAttributes = {
					6782A4BF1FEFECFE00CFBDD2 = {
						CreatedOnToolsVersion = 9.2;
						ProvisioningStyle = Automatic;
					};
				};
			};
			buildConfigurationList = 6782A4BB1FEFECFE00CFBDD2 /* Build configuration list for PBXProject "Todoey" */;
			compatibilityVersion = "Xcode 8.0";
			developmentRegion = en;
			hasScannedForEncodings = 0;
			knownRegions = (
				en,
				Base,
			);
			mainGroup = 6782A4B71FEFECFE00CFBDD2;
			productRefGroup = 6782A4C11FEFECFE00CFBDD2 /* Products */;
			projectDirPath = "";
			projectRoot = "";
			targets = (
				6782A4BF1FEFECFE00CFBDD2 /* Todoey */,
			);
		};
/* End PBXProject section */

/* Begin PBXResourcesBuildPhase section */
		6782A4BE1FEFECFE00CFBDD2 /* Resources */ = {
			isa = PBXResourcesBuildPhase;
			buildActionMask = 2147483647;
			files = (
				6782A4CE1FEFECFE00CFBDD2 /* LaunchScreen.storyboard in Resources */,
				6782A4CB1FEFECFE00CFBDD2 /* Assets.xcassets in Resources */,
				6782A4C91FEFECFE00CFBDD2 /* Main.storyboard in Resources */,
			);
			runOnlyForDeploymentPostprocessing = 0;
		};
/* End PBXResourcesBuildPhase section */

/* Begin PBXSourcesBuildPhase section */
		6782A4BC1FEFECFE00CFBDD2 /* Sources */ = {
			isa = PBXSourcesBuildPhase;
			buildActionMask = 2147483647;
			files = (
				674514C51FFA916E0096AECC /* Item.swift in Sources */,
				6782A4C61FEFECFE00CFBDD2 /* TodoListViewController.swift in Sources */,
				6782A4C41FEFECFE00CFBDD2 /* AppDelegate.swift in Sources */,
			);
			runOnlyForDeploymentPostprocessing = 0;
		};
/* End PBXSourcesBuildPhase section */

/* Begin PBXVariantGroup section */
		6782A4C71FEFECFE00CFBDD2 /* Main.storyboard */ = {
			isa = PBXVariantGroup;
			children = (
				6782A4C81FEFECFE00CFBDD2 /* Base */,
			);
			name = Main.storyboard;
			sourceTree = "<group>";
		};
		6782A4CC1FEFECFE00CFBDD2 /* LaunchScreen.storyboard */ = {
			isa = PBXVariantGroup;
			children = (
				6782A4CD1FEFECFE00CFBDD2 /* Base */,
			);
			name = LaunchScreen.storyboard;
			sourceTree = "<group>";
		};
/* End PBXVariantGroup section */

/* Begin XCBuildConfiguration section */
		6782A4D01FEFECFE00CFBDD2 /* Debug */ = {
			isa = XCBuildConfiguration;
			buildSettings = {
				ALWAYS_SEARCH_USER_PATHS = NO;
				CLANG_ANALYZER_NONNULL = YES;
				CLANG_ANALYZER_NUMBER_OBJECT_CONVERSION = YES_AGGRESSIVE;
				CLANG_CXX_LANGUAGE_STANDARD = "gnu++14";
				CLANG_CXX_LIBRARY = "libc++";
				CLANG_ENABLE_MODULES = YES;
				CLANG_ENABLE_OBJC_ARC = YES;
				CLANG_WARN_BLOCK_CAPTURE_AUTORELEASING = YES;
				CLANG_WARN_BOOL_CONVERSION = YES;
				CLANG_WARN_COMMA = YES;
				CLANG_WARN_CONSTANT_CONVERSION = YES;
				CLANG_WARN_DIRECT_OBJC_ISA_USAGE = YES_ERROR;
				CLANG_WARN_DOCUMENTATION_COMMENTS = YES;
				CLANG_WARN_EMPTY_BODY = YES;
				CLANG_WARN_ENUM_CONVERSION = YES;
				CLANG_WARN_INFINITE_RECURSION = YES;
				CLANG_WARN_INT_CONVERSION = YES;
				CLANG_WARN_NON_LITERAL_NULL_CONVERSION = YES;
				CLANG_WARN_OBJC_LITERAL_CONVERSION = YES;
				CLANG_WARN_OBJC_ROOT_CLASS = YES_ERROR;
				CLANG_WARN_RANGE_LOOP_ANALYSIS = YES;
				CLANG_WARN_STRICT_PROTOTYPES = YES;
				CLANG_WARN_SUSPICIOUS_MOVE = YES;
				CLANG_WARN_UNGUARDED_AVAILABILITY = YES_AGGRESSIVE;
				CLANG_WARN_UNREACHABLE_CODE = YES;
				CLANG_WARN__DUPLICATE_METHOD_MATCH = YES;
				CODE_SIGN_IDENTITY = "iPhone Developer";
				COPY_PHASE_STRIP = NO;
				DEBUG_INFORMATION_FORMAT = dwarf;
				ENABLE_STRICT_OBJC_MSGSEND = YES;
				ENABLE_TESTABILITY = YES;
				GCC_C_LANGUAGE_STANDARD = gnu11;
				GCC_DYNAMIC_NO_PIC = NO;
				GCC_NO_COMMON_BLOCKS = YES;
				GCC_OPTIMIZATION_LEVEL = 0;
				GCC_PREPROCESSOR_DEFINITIONS = (
					"DEBUG=1",
					"$(inherited)",
				);
				GCC_WARN_64_TO_32_BIT_CONVERSION = YES;
				GCC_WARN_ABOUT_RETURN_TYPE = YES_ERROR;
				GCC_WARN_UNDECLARED_SELECTOR = YES;
				GCC_WARN_UNINITIALIZED_AUTOS = YES_AGGRESSIVE;
				GCC_WARN_UNUSED_FUNCTION = YES;
				GCC_WARN_UNUSED_VARIABLE = YES;
				IPHONEOS_DEPLOYMENT_TARGET = 11.2;
				MTL_ENABLE_DEBUG_INFO = YES;
				ONLY_ACTIVE_ARCH = YES;
				SDKROOT = iphoneos;
				SWIFT_ACTIVE_COMPILATION_CONDITIONS = DEBUG;
				SWIFT_OPTIMIZATION_LEVEL = "-Onone";
			};
			name = Debug;
		};
		6782A4D11FEFECFE00CFBDD2 /* Release */ = {
			isa = XCBuildConfiguration;
			buildSettings = {
				ALWAYS_SEARCH_USER_PATHS = NO;
				CLANG_ANALYZER_NONNULL = YES;
				CLANG_ANALYZER_NUMBER_OBJECT_CONVERSION = YES_AGGRESSIVE;
				CLANG_CXX_LANGUAGE_STANDARD = "gnu++14";
				CLANG_CXX_LIBRARY = "libc++";
				CLANG_ENABLE_MODULES = YES;
				CLANG_ENABLE_OBJC_ARC = YES;
				CLANG_WARN_BLOCK_CAPTURE_AUTORELEASING = YES;
				CLANG_WARN_BOOL_CONVERSION = YES;
				CLANG_WARN_COMMA = YES;
				CLANG_WARN_CONSTANT_CONVERSION = YES;
				CLANG_WARN_DIRECT_OBJC_ISA_USAGE = YES_ERROR;
				CLANG_WARN_DOCUMENTATION_COMMENTS = YES;
				CLANG_WARN_EMPTY_BODY = YES;
				CLANG_WARN_ENUM_CONVERSION = YES;
				CLANG_WARN_INFINITE_RECURSION = YES;
				CLANG_WARN_INT_CONVERSION = YES;
				CLANG_WARN_NON_LITERAL_NULL_CONVERSION = YES;
				CLANG_WARN_OBJC_LITERAL_CONVERSION = YES;
				CLANG_WARN_OBJC_ROOT_CLASS = YES_ERROR;
				CLANG_WARN_RANGE_LOOP_ANALYSIS = YES;
				CLANG_WARN_STRICT_PROTOTYPES = YES;
				CLANG_WARN_SUSPICIOUS_MOVE = YES;
				CLANG_WARN_UNGUARDED_AVAILABILITY = YES_AGGRESSIVE;
				CLANG_WARN_UNREACHABLE_CODE = YES;
				CLANG_WARN__DUPLICATE_METHOD_MATCH = YES;
				CODE_SIGN_IDENTITY = "iPhone Developer";
				COPY_PHASE_STRIP = NO;
				DEBUG_INFORMATION_FORMAT = "dwarf-with-dsym";
				ENABLE_NS_ASSERTIONS = NO;
				ENABLE_STRICT_OBJC_MSGSEND = YES;
				GCC_C_LANGUAGE_STANDARD = gnu11;
				GCC_NO_COMMON_BLOCKS = YES;
				GCC_WARN_64_TO_32_BIT_CONVERSION = YES;
				GCC_WARN_ABOUT_RETURN_TYPE = YES_ERROR;
				GCC_WARN_UNDECLARED_SELECTOR = YES;
				GCC_WARN_UNINITIALIZED_AUTOS = YES_AGGRESSIVE;
				GCC_WARN_UNUSED_FUNCTION = YES;
				GCC_WARN_UNUSED_VARIABLE = YES;
				IPHONEOS_DEPLOYMENT_TARGET = 11.2;
				MTL_ENABLE_DEBUG_INFO = NO;
				SDKROOT = iphoneos;
				SWIFT_OPTIMIZATION_LEVEL = "-Owholemodule";
				VALIDATE_PRODUCT = YES;
			};
			name = Release;
		};
		6782A4D31FEFECFE00CFBDD2 /* Debug */ = {
			isa = XCBuildConfiguration;
			buildSettings = {
				ASSETCATALOG_COMPILER_APPICON_NAME = AppIcon;
				CODE_SIGN_STYLE = Automatic;
				DEVELOPMENT_TEAM = SC2QKC7U99;
				INFOPLIST_FILE = Todoey/Info.plist;
				LD_RUNPATH_SEARCH_PATHS = "$(inherited) @executable_path/Frameworks";
				PRODUCT_BUNDLE_IDENTIFIER = "com.Anna-Kaukh.Todoey";
				PRODUCT_NAME = "$(TARGET_NAME)";
				SWIFT_VERSION = 4.0;
				TARGETED_DEVICE_FAMILY = "1,2";
			};
			name = Debug;
		};
		6782A4D41FEFECFE00CFBDD2 /* Release */ = {
			isa = XCBuildConfiguration;
			buildSettings = {
				ASSETCATALOG_COMPILER_APPICON_NAME = AppIcon;
				CODE_SIGN_STYLE = Automatic;
				DEVELOPMENT_TEAM = SC2QKC7U99;
				INFOPLIST_FILE = Todoey/Info.plist;
				LD_RUNPATH_SEARCH_PATHS = "$(inherited) @executable_path/Frameworks";
				PRODUCT_BUNDLE_IDENTIFIER = "com.Anna-Kaukh.Todoey";
				PRODUCT_NAME = "$(TARGET_NAME)";
				SWIFT_VERSION = 4.0;
				TARGETED_DEVICE_FAMILY = "1,2";
			};
			name = Release;
		};
/* End XCBuildConfiguration section */

/* Begin XCConfigurationList section */
		6782A4BB1FEFECFE00CFBDD2 /* Build configuration list for PBXProject "Todoey" */ = {
			isa = XCConfigurationList;
			buildConfigurations = (
				6782A4D01FEFECFE00CFBDD2 /* Debug */,
				6782A4D11FEFECFE00CFBDD2 /* Release */,
			);
			defaultConfigurationIsVisible = 0;
			defaultConfigurationName = Release;
		};
		6782A4D21FEFECFE00CFBDD2 /* Build configuration list for PBXNativeTarget "Todoey" */ = {
			isa = XCConfigurationList;
			buildConfigurations = (
				6782A4D31FEFECFE00CFBDD2 /* Debug */,
				6782A4D41FEFECFE00CFBDD2 /* Release */,
			);
			defaultConfigurationIsVisible = 0;
			defaultConfigurationName = Release;
		};
/* End XCConfigurationList section */
	};
	rootObject = 6782A4B81FEFECFE00CFBDD2 /* Project object */;
}
